
Microsoft Visual Studio Solution File, Format Version 12.00
# Visual Studio Version 17
VisualStudioVersion = 17.12.35527.113
MinimumVisualStudioVersion = 10.0.40219.1
Project("{9A19103F-16F7-4668-BE54-9A1E7A4F7556}") = "Newtonsoft.Json", "Newtonsoft.Json\Newtonsoft.Json.csproj", "{A97A4CB3-51AD-4605-BA9F-D6861E582C85}"
EndProject
Project("{FAE04EC0-301F-11D3-BF4B-00C04F79EFBC}") = "NettonsoftTryConsole", "NettonsoftTryConsole\NettonsoftTryConsole.csproj", "{AC501B67-1925-4D3B-A0D2-321985883FDB}"
EndProject
Project("{D954291E-2A0B-460D-934E-DC6B0785DB48}") = "Newtonsoft.Shared", "Newtonsoft.Shared\Newtonsoft.Shared.shproj", "{7E1477BB-4473-4573-8632-966DB360361D}"
EndProject
Global
	GlobalSection(SolutionConfigurationPlatforms) = preSolution
		Debug|Any CPU = Debug|Any CPU
		Debug|x64 = Debug|x64
		Debug|x86 = Debug|x86
		Release|Any CPU = Release|Any CPU
		Release|x64 = Release|x64
		Release|x86 = Release|x86
	EndGlobalSection
	GlobalSection(ProjectConfigurationPlatforms) = postSolution
		{A97A4CB3-51AD-4605-BA9F-D6861E582C85}.Debug|Any CPU.ActiveCfg = Debug|Any CPU
		{A97A4CB3-51AD-4605-BA9F-D6861E582C85}.Debug|Any CPU.Build.0 = Debug|Any CPU
		{A97A4CB3-51AD-4605-BA9F-D6861E582C85}.Debug|x64.ActiveCfg = Debug|Any CPU
		{A97A4CB3-51AD-4605-BA9F-D6861E582C85}.Debug|x64.Build.0 = Debug|Any CPU
		{A97A4CB3-51AD-4605-BA9F-D6861E582C85}.Debug|x86.ActiveCfg = Debug|Any CPU
		{A97A4CB3-51AD-4605-BA9F-D6861E582C85}.Debug|x86.Build.0 = Debug|Any CPU
		{A97A4CB3-51AD-4605-BA9F-D6861E582C85}.Release|Any CPU.ActiveCfg = Release|Any CPU
		{A97A4CB3-51AD-4605-BA9F-D6861E582C85}.Release|Any CPU.Build.0 = Release|Any CPU
		{A97A4CB3-51AD-4605-BA9F-D6861E582C85}.Release|x64.ActiveCfg = Release|Any CPU
		{A97A4CB3-51AD-4605-BA9F-D6861E582C85}.Release|x64.Build.0 = Release|Any CPU
		{A97A4CB3-51AD-4605-BA9F-D6861E582C85}.Release|x86.ActiveCfg = Release|Any CPU
		{A97A4CB3-51AD-4605-BA9F-D6861E582C85}.Release|x86.Build.0 = Release|Any CPU
		{AC501B67-1925-4D3B-A0D2-321985883FDB}.Debug|Any CPU.ActiveCfg = Debug|Any CPU
		{AC501B67-1925-4D3B-A0D2-321985883FDB}.Debug|Any CPU.Build.0 = Debug|Any CPU
		{AC501B67-1925-4D3B-A0D2-321985883FDB}.Debug|x64.ActiveCfg = Debug|Any CPU
		{AC501B67-1925-4D3B-A0D2-321985883FDB}.Debug|x64.Build.0 = Debug|Any CPU
		{AC501B67-1925-4D3B-A0D2-321985883FDB}.Debug|x86.ActiveCfg = Debug|Any CPU
		{AC501B67-1925-4D3B-A0D2-321985883FDB}.Debug|x86.Build.0 = Debug|Any CPU
		{AC501B67-1925-4D3B-A0D2-321985883FDB}.Release|Any CPU.ActiveCfg = Release|Any CPU
		{AC501B67-1925-4D3B-A0D2-321985883FDB}.Release|Any CPU.Build.0 = Release|Any CPU
		{AC501B67-1925-4D3B-A0D2-321985883FDB}.Release|x64.ActiveCfg = Release|Any CPU
		{AC501B67-1925-4D3B-A0D2-321985883FDB}.Release|x64.Build.0 = Release|Any CPU
		{AC501B67-1925-4D3B-A0D2-321985883FDB}.Release|x86.ActiveCfg = Release|Any CPU
		{AC501B67-1925-4D3B-A0D2-321985883FDB}.Release|x86.Build.0 = Release|Any CPU
	EndGlobalSection
	GlobalSection(SolutionProperties) = preSolution
		HideSolutionNode = FALSE
	EndGlobalSection
	GlobalSection(ExtensibilityGlobals) = postSolution
		SolutionGuid = {225F391C-701E-49A2-8193-085EC2586689}
	EndGlobalSection
	GlobalSection(SharedMSBuildProjectFiles) = preSolution
		Newtonsoft.Shared\Newtonsoft.Shared.projitems*{7e1477bb-4473-4573-8632-966db360361d}*SharedItemsImports = 13
		Newtonsoft.Shared\Newtonsoft.Shared.projitems*{ac501b67-1925-4d3b-a0d2-321985883fdb}*SharedItemsImports = 4
	EndGlobalSection
EndGlobal
